// !$*UTF8*$!
{
	archiveVersion = 1;
	classes = {
	};
	objectVersion = 50;
	objects = {

/* Begin PBXBuildFile section */
		002BA4F521DF741A00005237 /* GoBearCore.framework in Frameworks */ = {isa = PBXBuildFile; fileRef = 002BA4EB21DF741A00005237 /* GoBearCore.framework */; };
		002BA4FA21DF741A00005237 /* GoBearCoreTests.swift in Sources */ = {isa = PBXBuildFile; fileRef = 002BA4F921DF741A00005237 /* GoBearCoreTests.swift */; };
		002BA4FC21DF741B00005237 /* GoBearCore.h in Headers */ = {isa = PBXBuildFile; fileRef = 002BA4EE21DF741A00005237 /* GoBearCore.h */; settings = {ATTRIBUTES = (Public, ); }; };
		002BA53E21DFABEC00005237 /* BaseViewController.swift in Sources */ = {isa = PBXBuildFile; fileRef = 002BA53D21DFABEC00005237 /* BaseViewController.swift */; };
		002BA54421DFAEEE00005237 /* AuthenticationState.swift in Sources */ = {isa = PBXBuildFile; fileRef = 002BA54321DFAEEE00005237 /* AuthenticationState.swift */; };
		002BA54821DFB12F00005237 /* BaseViewModel.swift in Sources */ = {isa = PBXBuildFile; fileRef = 002BA54721DFB12F00005237 /* BaseViewModel.swift */; };
		002BA54A21DFB1FD00005237 /* AppViewModel.swift in Sources */ = {isa = PBXBuildFile; fileRef = 002BA54921DFB1FD00005237 /* AppViewModel.swift */; };
		002BA54C21DFBACA00005237 /* GoBearAuth.swift in Sources */ = {isa = PBXBuildFile; fileRef = 002BA54B21DFBACA00005237 /* GoBearAuth.swift */; };
		002BA54E21DFBBCF00005237 /* UserObj.swift in Sources */ = {isa = PBXBuildFile; fileRef = 002BA54D21DFBBCF00005237 /* UserObj.swift */; };
		002BA55021DFBD7000005237 /* Constant.swift in Sources */ = {isa = PBXBuildFile; fileRef = 002BA54F21DFBD7000005237 /* Constant.swift */; };
		002BA55221DFC52500005237 /* GoBearFieldAuth.swift in Sources */ = {isa = PBXBuildFile; fileRef = 002BA55121DFC52500005237 /* GoBearFieldAuth.swift */; };
		002BA55521E0586C00005237 /* Identifier.swift in Sources */ = {isa = PBXBuildFile; fileRef = 002BA55421E0586C00005237 /* Identifier.swift */; };
		002BA55721E058BB00005237 /* UIView+Identifier.swift in Sources */ = {isa = PBXBuildFile; fileRef = 002BA55621E058BB00005237 /* UIView+Identifier.swift */; };
		002BA55D21E05B8600005237 /* Request.swift in Sources */ = {isa = PBXBuildFile; fileRef = 002BA55C21E05B8600005237 /* Request.swift */; };
		002BA55F21E05C9400005237 /* Request+Error.swift in Sources */ = {isa = PBXBuildFile; fileRef = 002BA55E21E05C9400005237 /* Request+Error.swift */; };
		002BA56221E05D5700005237 /* NSError+Helper.swift in Sources */ = {isa = PBXBuildFile; fileRef = 002BA56121E05D5700005237 /* NSError+Helper.swift */; };
		002BA56421E0681E00005237 /* Request+Alamofire.swift in Sources */ = {isa = PBXBuildFile; fileRef = 002BA56321E0681E00005237 /* Request+Alamofire.swift */; };
		002BA56621E06AA600005237 /* Request+Default.swift in Sources */ = {isa = PBXBuildFile; fileRef = 002BA56521E06AA600005237 /* Request+Default.swift */; };
		0096E18421E1AA5B009D517E /* AuthenticationViewModel.swift in Sources */ = {isa = PBXBuildFile; fileRef = 0096E18321E1AA5B009D517E /* AuthenticationViewModel.swift */; };
		0096E18721E1D612009D517E /* UIViewController.swift in Sources */ = {isa = PBXBuildFile; fileRef = 0096E18621E1D612009D517E /* UIViewController.swift */; };
		0096E19D21E25C61009D517E /* GoBearServiceViewModel.swift in Sources */ = {isa = PBXBuildFile; fileRef = 0096E19C21E25C61009D517E /* GoBearServiceViewModel.swift */; };
		0096E1A221E323D1009D517E /* GoBearServiceTest.swift in Sources */ = {isa = PBXBuildFile; fileRef = 0096E1A121E323D1009D517E /* GoBearServiceTest.swift */; };
		0096E1A521E32742009D517E /* GoBearOauthTest.swift in Sources */ = {isa = PBXBuildFile; fileRef = 0096E1A421E32742009D517E /* GoBearOauthTest.swift */; };
		00E896C521E076B400409F69 /* GoBearProductsRequest.swift in Sources */ = {isa = PBXBuildFile; fileRef = 00E896C421E076B400409F69 /* GoBearProductsRequest.swift */; };
		00E896C721E0775800409F69 /* ProductObj.swift in Sources */ = {isa = PBXBuildFile; fileRef = 00E896C621E0775800409F69 /* ProductObj.swift */; };
		00E896C921E0832800409F69 /* GoBearProductDetailRequest.swift in Sources */ = {isa = PBXBuildFile; fileRef = 00E896C821E0832800409F69 /* GoBearProductDetailRequest.swift */; };
		00E896D721E0EAF100409F69 /* UIViewController+Identifier.swift in Sources */ = {isa = PBXBuildFile; fileRef = 00E896D621E0EAF100409F69 /* UIViewController+Identifier.swift */; };
		00E896D921E0EBDA00409F69 /* ViewModelCoordinator.swift in Sources */ = {isa = PBXBuildFile; fileRef = 00E896D821E0EBDA00409F69 /* ViewModelCoordinator.swift */; };
		00E896DC21E0ED3200409F69 /* GoBearService.swift in Sources */ = {isa = PBXBuildFile; fileRef = 00E896DB21E0ED3200409F69 /* GoBearService.swift */; };
		00E896E421E0F5FA00409F69 /* UITableview+Identifier.swift in Sources */ = {isa = PBXBuildFile; fileRef = 00E896E321E0F5FA00409F69 /* UITableview+Identifier.swift */; };
		00E896E621E0F64600409F69 /* UICollectionView+Identifier.swift in Sources */ = {isa = PBXBuildFile; fileRef = 00E896E521E0F64600409F69 /* UICollectionView+Identifier.swift */; };
		B95452F0B8163218454A5939 /* Pods_GoBearCoreTests.framework in Frameworks */ = {isa = PBXBuildFile; fileRef = 41ED2A234173DE8661892449 /* Pods_GoBearCoreTests.framework */; };
		D8BAFA7FB3234D47938DAF52 /* Pods_GoBearCore.framework in Frameworks */ = {isa = PBXBuildFile; fileRef = D8F9A8E3B548394BC4086808 /* Pods_GoBearCore.framework */; };
/* End PBXBuildFile section */

/* Begin PBXContainerItemProxy section */
		002BA4F621DF741A00005237 /* PBXContainerItemProxy */ = {
			isa = PBXContainerItemProxy;
			containerPortal = 002BA4E221DF741A00005237 /* Project object */;
			proxyType = 1;
			remoteGlobalIDString = 002BA4EA21DF741A00005237;
			remoteInfo = GoBearCore;
		};
/* End PBXContainerItemProxy section */

/* Begin PBXFileReference section */
		002BA4EB21DF741A00005237 /* GoBearCore.framework */ = {isa = PBXFileReference; explicitFileType = wrapper.framework; includeInIndex = 0; path = GoBearCore.framework; sourceTree = BUILT_PRODUCTS_DIR; };
		002BA4EE21DF741A00005237 /* GoBearCore.h */ = {isa = PBXFileReference; lastKnownFileType = sourcecode.c.h; path = GoBearCore.h; sourceTree = "<group>"; };
		002BA4EF21DF741A00005237 /* Info.plist */ = {isa = PBXFileReference; lastKnownFileType = text.plist.xml; path = Info.plist; sourceTree = "<group>"; };
		002BA4F421DF741A00005237 /* GoBearCoreTests.xctest */ = {isa = PBXFileReference; explicitFileType = wrapper.cfbundle; includeInIndex = 0; path = GoBearCoreTests.xctest; sourceTree = BUILT_PRODUCTS_DIR; };
		002BA4F921DF741A00005237 /* GoBearCoreTests.swift */ = {isa = PBXFileReference; lastKnownFileType = sourcecode.swift; path = GoBearCoreTests.swift; sourceTree = "<group>"; };
		002BA4FB21DF741B00005237 /* Info.plist */ = {isa = PBXFileReference; lastKnownFileType = text.plist.xml; path = Info.plist; sourceTree = "<group>"; };
		002BA53D21DFABEC00005237 /* BaseViewController.swift */ = {isa = PBXFileReference; lastKnownFileType = sourcecode.swift; path = BaseViewController.swift; sourceTree = "<group>"; };
		002BA54321DFAEEE00005237 /* AuthenticationState.swift */ = {isa = PBXFileReference; lastKnownFileType = sourcecode.swift; path = AuthenticationState.swift; sourceTree = "<group>"; };
		002BA54721DFB12F00005237 /* BaseViewModel.swift */ = {isa = PBXFileReference; lastKnownFileType = sourcecode.swift; path = BaseViewModel.swift; sourceTree = "<group>"; };
		002BA54921DFB1FD00005237 /* AppViewModel.swift */ = {isa = PBXFileReference; lastKnownFileType = sourcecode.swift; path = AppViewModel.swift; sourceTree = "<group>"; };
		002BA54B21DFBACA00005237 /* GoBearAuth.swift */ = {isa = PBXFileReference; lastKnownFileType = sourcecode.swift; path = GoBearAuth.swift; sourceTree = "<group>"; };
		002BA54D21DFBBCF00005237 /* UserObj.swift */ = {isa = PBXFileReference; lastKnownFileType = sourcecode.swift; path = UserObj.swift; sourceTree = "<group>"; };
		002BA54F21DFBD7000005237 /* Constant.swift */ = {isa = PBXFileReference; lastKnownFileType = sourcecode.swift; path = Constant.swift; sourceTree = "<group>"; };
		002BA55121DFC52500005237 /* GoBearFieldAuth.swift */ = {isa = PBXFileReference; lastKnownFileType = sourcecode.swift; path = GoBearFieldAuth.swift; sourceTree = "<group>"; };
		002BA55421E0586C00005237 /* Identifier.swift */ = {isa = PBXFileReference; lastKnownFileType = sourcecode.swift; path = Identifier.swift; sourceTree = "<group>"; };
		002BA55621E058BB00005237 /* UIView+Identifier.swift */ = {isa = PBXFileReference; lastKnownFileType = sourcecode.swift; path = "UIView+Identifier.swift"; sourceTree = "<group>"; };
		002BA55C21E05B8600005237 /* Request.swift */ = {isa = PBXFileReference; lastKnownFileType = sourcecode.swift; path = Request.swift; sourceTree = "<group>"; };
		002BA55E21E05C9400005237 /* Request+Error.swift */ = {isa = PBXFileReference; lastKnownFileType = sourcecode.swift; path = "Request+Error.swift"; sourceTree = "<group>"; };
		002BA56121E05D5700005237 /* NSError+Helper.swift */ = {isa = PBXFileReference; lastKnownFileType = sourcecode.swift; path = "NSError+Helper.swift"; sourceTree = "<group>"; };
		002BA56321E0681E00005237 /* Request+Alamofire.swift */ = {isa = PBXFileReference; lastKnownFileType = sourcecode.swift; path = "Request+Alamofire.swift"; sourceTree = "<group>"; };
		002BA56521E06AA600005237 /* Request+Default.swift */ = {isa = PBXFileReference; lastKnownFileType = sourcecode.swift; path = "Request+Default.swift"; sourceTree = "<group>"; };
		0096E18321E1AA5B009D517E /* AuthenticationViewModel.swift */ = {isa = PBXFileReference; lastKnownFileType = sourcecode.swift; path = AuthenticationViewModel.swift; sourceTree = "<group>"; };
		0096E18621E1D612009D517E /* UIViewController.swift */ = {isa = PBXFileReference; lastKnownFileType = sourcecode.swift; path = UIViewController.swift; sourceTree = "<group>"; };
		0096E19C21E25C61009D517E /* GoBearServiceViewModel.swift */ = {isa = PBXFileReference; lastKnownFileType = sourcecode.swift; path = GoBearServiceViewModel.swift; sourceTree = "<group>"; };
		0096E1A121E323D1009D517E /* GoBearServiceTest.swift */ = {isa = PBXFileReference; lastKnownFileType = sourcecode.swift; path = GoBearServiceTest.swift; sourceTree = "<group>"; };
		0096E1A421E32742009D517E /* GoBearOauthTest.swift */ = {isa = PBXFileReference; lastKnownFileType = sourcecode.swift; path = GoBearOauthTest.swift; sourceTree = "<group>"; };
		00E896C421E076B400409F69 /* GoBearProductsRequest.swift */ = {isa = PBXFileReference; lastKnownFileType = sourcecode.swift; path = GoBearProductsRequest.swift; sourceTree = "<group>"; };
		00E896C621E0775800409F69 /* ProductObj.swift */ = {isa = PBXFileReference; lastKnownFileType = sourcecode.swift; path = ProductObj.swift; sourceTree = "<group>"; };
		00E896C821E0832800409F69 /* GoBearProductDetailRequest.swift */ = {isa = PBXFileReference; lastKnownFileType = sourcecode.swift; path = GoBearProductDetailRequest.swift; sourceTree = "<group>"; };
		00E896D621E0EAF100409F69 /* UIViewController+Identifier.swift */ = {isa = PBXFileReference; lastKnownFileType = sourcecode.swift; path = "UIViewController+Identifier.swift"; sourceTree = "<group>"; };
		00E896D821E0EBDA00409F69 /* ViewModelCoordinator.swift */ = {isa = PBXFileReference; lastKnownFileType = sourcecode.swift; path = ViewModelCoordinator.swift; sourceTree = "<group>"; };
		00E896DB21E0ED3200409F69 /* GoBearService.swift */ = {isa = PBXFileReference; lastKnownFileType = sourcecode.swift; path = GoBearService.swift; sourceTree = "<group>"; };
		00E896E321E0F5FA00409F69 /* UITableview+Identifier.swift */ = {isa = PBXFileReference; lastKnownFileType = sourcecode.swift; path = "UITableview+Identifier.swift"; sourceTree = "<group>"; };
		00E896E521E0F64600409F69 /* UICollectionView+Identifier.swift */ = {isa = PBXFileReference; lastKnownFileType = sourcecode.swift; path = "UICollectionView+Identifier.swift"; sourceTree = "<group>"; };
		1531E9887FDF1CFD73AA5A6D /* Pods-GoBearCore.release.xcconfig */ = {isa = PBXFileReference; includeInIndex = 1; lastKnownFileType = text.xcconfig; name = "Pods-GoBearCore.release.xcconfig"; path = "../Pods/Target Support Files/Pods-GoBearCore/Pods-GoBearCore.release.xcconfig"; sourceTree = "<group>"; };
		1597EA3E127B335F305A8A9D /* Pods-GoBearCore.debug.xcconfig */ = {isa = PBXFileReference; includeInIndex = 1; lastKnownFileType = text.xcconfig; name = "Pods-GoBearCore.debug.xcconfig"; path = "../Pods/Target Support Files/Pods-GoBearCore/Pods-GoBearCore.debug.xcconfig"; sourceTree = "<group>"; };
		41ED2A234173DE8661892449 /* Pods_GoBearCoreTests.framework */ = {isa = PBXFileReference; explicitFileType = wrapper.framework; includeInIndex = 0; path = Pods_GoBearCoreTests.framework; sourceTree = BUILT_PRODUCTS_DIR; };
		95312FA9A4E5460562B12734 /* Pods-GoBearCoreTests.debug.xcconfig */ = {isa = PBXFileReference; includeInIndex = 1; lastKnownFileType = text.xcconfig; name = "Pods-GoBearCoreTests.debug.xcconfig"; path = "../Pods/Target Support Files/Pods-GoBearCoreTests/Pods-GoBearCoreTests.debug.xcconfig"; sourceTree = "<group>"; };
		9DBA5EABD8F52A82231CCC7C /* Pods-GoBearCoreTests.release.xcconfig */ = {isa = PBXFileReference; includeInIndex = 1; lastKnownFileType = text.xcconfig; name = "Pods-GoBearCoreTests.release.xcconfig"; path = "../Pods/Target Support Files/Pods-GoBearCoreTests/Pods-GoBearCoreTests.release.xcconfig"; sourceTree = "<group>"; };
		D8F9A8E3B548394BC4086808 /* Pods_GoBearCore.framework */ = {isa = PBXFileReference; explicitFileType = wrapper.framework; includeInIndex = 0; path = Pods_GoBearCore.framework; sourceTree = BUILT_PRODUCTS_DIR; };
/* End PBXFileReference section */

/* Begin PBXFrameworksBuildPhase section */
		002BA4E821DF741A00005237 /* Frameworks */ = {
			isa = PBXFrameworksBuildPhase;
			buildActionMask = 2147483647;
			files = (
				D8BAFA7FB3234D47938DAF52 /* Pods_GoBearCore.framework in Frameworks */,
			);
			runOnlyForDeploymentPostprocessing = 0;
		};
		002BA4F121DF741A00005237 /* Frameworks */ = {
			isa = PBXFrameworksBuildPhase;
			buildActionMask = 2147483647;
			files = (
				002BA4F521DF741A00005237 /* GoBearCore.framework in Frameworks */,
				B95452F0B8163218454A5939 /* Pods_GoBearCoreTests.framework in Frameworks */,
			);
			runOnlyForDeploymentPostprocessing = 0;
		};
/* End PBXFrameworksBuildPhase section */

/* Begin PBXGroup section */
		002BA4E121DF741A00005237 = {
			isa = PBXGroup;
			children = (
				002BA4ED21DF741A00005237 /* GoBearCore */,
				002BA4F821DF741A00005237 /* GoBearCoreTests */,
				002BA4EC21DF741A00005237 /* Products */,
				6415ECD14E4FE07816B0E0A9 /* Pods */,
				5A401FAC2C40D2B26961375B /* Frameworks */,
			);
			sourceTree = "<group>";
		};
		002BA4EC21DF741A00005237 /* Products */ = {
			isa = PBXGroup;
			children = (
				002BA4EB21DF741A00005237 /* GoBearCore.framework */,
				002BA4F421DF741A00005237 /* GoBearCoreTests.xctest */,
			);
			name = Products;
			sourceTree = "<group>";
		};
		002BA4ED21DF741A00005237 /* GoBearCore */ = {
			isa = PBXGroup;
			children = (
				002BA53A21DFAB9D00005237 /* Resource */,
				002BA53B21DFABAA00005237 /* Sources */,
			);
			path = GoBearCore;
			sourceTree = "<group>";
		};
		002BA4F821DF741A00005237 /* GoBearCoreTests */ = {
			isa = PBXGroup;
			children = (
				0096E1A321E32415009D517E /* Helper */,
				0096E1A021E323BB009D517E /* Service */,
				002BA4F921DF741A00005237 /* GoBearCoreTests.swift */,
				002BA4FB21DF741B00005237 /* Info.plist */,
			);
			path = GoBearCoreTests;
			sourceTree = "<group>";
		};
		002BA53A21DFAB9D00005237 /* Resource */ = {
			isa = PBXGroup;
			children = (
				002BA4EE21DF741A00005237 /* GoBearCore.h */,
				002BA4EF21DF741A00005237 /* Info.plist */,
			);
			name = Resource;
			sourceTree = "<group>";
		};
		002BA53B21DFABAA00005237 /* Sources */ = {
			isa = PBXGroup;
			children = (
				0096E18521E1D602009D517E /* Extensions */,
				00E896DA21E0ED2500409F69 /* Services */,
				002BA56021E05D3B00005237 /* Helpers */,
				002BA55821E05B4F00005237 /* Network */,
				002BA54021DFAED100005237 /* State */,
				002BA53F21DFAC3200005237 /* Oauth */,
				002BA53C21DFABDB00005237 /* Base */,
				002BA54621DFB0FE00005237 /* Models */,
				002BA54521DFB0EE00005237 /* View Models */,
				002BA54F21DFBD7000005237 /* Constant.swift */,
			);
			name = Sources;
			sourceTree = "<group>";
		};
		002BA53C21DFABDB00005237 /* Base */ = {
			isa = PBXGroup;
			children = (
				002BA55321E0585700005237 /* Identifier */,
				002BA53D21DFABEC00005237 /* BaseViewController.swift */,
			);
			name = Base;
			sourceTree = "<group>";
		};
		002BA53F21DFAC3200005237 /* Oauth */ = {
			isa = PBXGroup;
			children = (
				002BA54B21DFBACA00005237 /* GoBearAuth.swift */,
				002BA55121DFC52500005237 /* GoBearFieldAuth.swift */,
			);
			name = Oauth;
			sourceTree = "<group>";
		};
		002BA54021DFAED100005237 /* State */ = {
			isa = PBXGroup;
			children = (
				002BA54321DFAEEE00005237 /* AuthenticationState.swift */,
			);
			name = State;
			sourceTree = "<group>";
		};
		002BA54521DFB0EE00005237 /* View Models */ = {
			isa = PBXGroup;
			children = (
				002BA54921DFB1FD00005237 /* AppViewModel.swift */,
				002BA54721DFB12F00005237 /* BaseViewModel.swift */,
				00E896D821E0EBDA00409F69 /* ViewModelCoordinator.swift */,
				0096E18321E1AA5B009D517E /* AuthenticationViewModel.swift */,
				0096E19C21E25C61009D517E /* GoBearServiceViewModel.swift */,
			);
			name = "View Models";
			sourceTree = "<group>";
		};
		002BA54621DFB0FE00005237 /* Models */ = {
			isa = PBXGroup;
			children = (
				002BA54D21DFBBCF00005237 /* UserObj.swift */,
				00E896C621E0775800409F69 /* ProductObj.swift */,
			);
			name = Models;
			sourceTree = "<group>";
		};
		002BA55321E0585700005237 /* Identifier */ = {
			isa = PBXGroup;
			children = (
				002BA55421E0586C00005237 /* Identifier.swift */,
				002BA55621E058BB00005237 /* UIView+Identifier.swift */,
				00E896D621E0EAF100409F69 /* UIViewController+Identifier.swift */,
				00E896E321E0F5FA00409F69 /* UITableview+Identifier.swift */,
				00E896E521E0F64600409F69 /* UICollectionView+Identifier.swift */,
			);
			name = Identifier;
			sourceTree = "<group>";
		};
		002BA55821E05B4F00005237 /* Network */ = {
			isa = PBXGroup;
			children = (
				002BA55921E05B5800005237 /* Protocols */,
				00E896C421E076B400409F69 /* GoBearProductsRequest.swift */,
				00E896C821E0832800409F69 /* GoBearProductDetailRequest.swift */,
			);
			name = Network;
			sourceTree = "<group>";
		};
		002BA55921E05B5800005237 /* Protocols */ = {
			isa = PBXGroup;
			children = (
				002BA55C21E05B8600005237 /* Request.swift */,
				002BA55E21E05C9400005237 /* Request+Error.swift */,
				002BA56321E0681E00005237 /* Request+Alamofire.swift */,
				002BA56521E06AA600005237 /* Request+Default.swift */,
			);
			name = Protocols;
			sourceTree = "<group>";
		};
		002BA56021E05D3B00005237 /* Helpers */ = {
			isa = PBXGroup;
			children = (
				002BA56121E05D5700005237 /* NSError+Helper.swift */,
			);
			name = Helpers;
			sourceTree = "<group>";
		};
		0096E18521E1D602009D517E /* Extensions */ = {
			isa = PBXGroup;
			children = (
				0096E18621E1D612009D517E /* UIViewController.swift */,
			);
			name = Extensions;
			sourceTree = "<group>";
		};
		0096E1A021E323BB009D517E /* Service */ = {
			isa = PBXGroup;
			children = (
				0096E1A121E323D1009D517E /* GoBearServiceTest.swift */,
			);
			path = Service;
			sourceTree = "<group>";
		};
		0096E1A321E32415009D517E /* Helper */ = {
			isa = PBXGroup;
			children = (
				0096E1A421E32742009D517E /* GoBearOauthTest.swift */,
			);
			path = Helper;
			sourceTree = "<group>";
		};
		00E896DA21E0ED2500409F69 /* Services */ = {
			isa = PBXGroup;
			children = (
				00E896DB21E0ED3200409F69 /* GoBearService.swift */,
			);
			name = Services;
			sourceTree = "<group>";
		};
		5A401FAC2C40D2B26961375B /* Frameworks */ = {
			isa = PBXGroup;
			children = (
				D8F9A8E3B548394BC4086808 /* Pods_GoBearCore.framework */,
				41ED2A234173DE8661892449 /* Pods_GoBearCoreTests.framework */,
			);
			name = Frameworks;
			sourceTree = "<group>";
		};
		6415ECD14E4FE07816B0E0A9 /* Pods */ = {
			isa = PBXGroup;
			children = (
				1597EA3E127B335F305A8A9D /* Pods-GoBearCore.debug.xcconfig */,
				1531E9887FDF1CFD73AA5A6D /* Pods-GoBearCore.release.xcconfig */,
				95312FA9A4E5460562B12734 /* Pods-GoBearCoreTests.debug.xcconfig */,
				9DBA5EABD8F52A82231CCC7C /* Pods-GoBearCoreTests.release.xcconfig */,
			);
			name = Pods;
			sourceTree = "<group>";
		};
/* End PBXGroup section */

/* Begin PBXHeadersBuildPhase section */
		002BA4E621DF741A00005237 /* Headers */ = {
			isa = PBXHeadersBuildPhase;
			buildActionMask = 2147483647;
			files = (
				002BA4FC21DF741B00005237 /* GoBearCore.h in Headers */,
			);
			runOnlyForDeploymentPostprocessing = 0;
		};
/* End PBXHeadersBuildPhase section */

/* Begin PBXNativeTarget section */
		002BA4EA21DF741A00005237 /* GoBearCore */ = {
			isa = PBXNativeTarget;
			buildConfigurationList = 002BA4FF21DF741B00005237 /* Build configuration list for PBXNativeTarget "GoBearCore" */;
			buildPhases = (
				C4ACCDCE9D9BF1D9F43CCE9C /* [CP] Check Pods Manifest.lock */,
				002BA4E621DF741A00005237 /* Headers */,
				002BA4E721DF741A00005237 /* Sources */,
				002BA4E821DF741A00005237 /* Frameworks */,
				002BA4E921DF741A00005237 /* Resources */,
			);
			buildRules = (
			);
			dependencies = (
			);
			name = GoBearCore;
			productName = GoBearCore;
			productReference = 002BA4EB21DF741A00005237 /* GoBearCore.framework */;
			productType = "com.apple.product-type.framework";
		};
		002BA4F321DF741A00005237 /* GoBearCoreTests */ = {
			isa = PBXNativeTarget;
			buildConfigurationList = 002BA50221DF741B00005237 /* Build configuration list for PBXNativeTarget "GoBearCoreTests" */;
			buildPhases = (
				31FB2DE4AB5E94F27A116CB9 /* [CP] Check Pods Manifest.lock */,
				002BA4F021DF741A00005237 /* Sources */,
				002BA4F121DF741A00005237 /* Frameworks */,
				002BA4F221DF741A00005237 /* Resources */,
				DD234326A47FB9BF2302F251 /* [CP] Embed Pods Frameworks */,
			);
			buildRules = (
			);
			dependencies = (
				002BA4F721DF741A00005237 /* PBXTargetDependency */,
			);
			name = GoBearCoreTests;
			productName = GoBearCoreTests;
			productReference = 002BA4F421DF741A00005237 /* GoBearCoreTests.xctest */;
			productType = "com.apple.product-type.bundle.unit-test";
		};
/* End PBXNativeTarget section */

/* Begin PBXProject section */
		002BA4E221DF741A00005237 /* Project object */ = {
			isa = PBXProject;
			attributes = {
				LastSwiftUpdateCheck = 1010;
				LastUpgradeCheck = 1010;
				ORGANIZATIONNAME = GoBear;
				TargetAttributes = {
					002BA4EA21DF741A00005237 = {
						CreatedOnToolsVersion = 10.1;
						LastSwiftMigration = 1010;
					};
					002BA4F321DF741A00005237 = {
						CreatedOnToolsVersion = 10.1;
					};
				};
			};
			buildConfigurationList = 002BA4E521DF741A00005237 /* Build configuration list for PBXProject "GoBearCore" */;
			compatibilityVersion = "Xcode 9.3";
			developmentRegion = en;
			hasScannedForEncodings = 0;
			knownRegions = (
				en,
			);
			mainGroup = 002BA4E121DF741A00005237;
			productRefGroup = 002BA4EC21DF741A00005237 /* Products */;
			projectDirPath = "";
			projectRoot = "";
			targets = (
				002BA4EA21DF741A00005237 /* GoBearCore */,
				002BA4F321DF741A00005237 /* GoBearCoreTests */,
			);
		};
/* End PBXProject section */

/* Begin PBXResourcesBuildPhase section */
		002BA4E921DF741A00005237 /* Resources */ = {
			isa = PBXResourcesBuildPhase;
			buildActionMask = 2147483647;
			files = (
			);
			runOnlyForDeploymentPostprocessing = 0;
		};
		002BA4F221DF741A00005237 /* Resources */ = {
			isa = PBXResourcesBuildPhase;
			buildActionMask = 2147483647;
			files = (
			);
			runOnlyForDeploymentPostprocessing = 0;
		};
/* End PBXResourcesBuildPhase section */

/* Begin PBXShellScriptBuildPhase section */
		31FB2DE4AB5E94F27A116CB9 /* [CP] Check Pods Manifest.lock */ = {
			isa = PBXShellScriptBuildPhase;
			buildActionMask = 2147483647;
			files = (
			);
			inputFileListPaths = (
			);
			inputPaths = (
				"${PODS_PODFILE_DIR_PATH}/Podfile.lock",
				"${PODS_ROOT}/Manifest.lock",
			);
			name = "[CP] Check Pods Manifest.lock";
			outputFileListPaths = (
			);
			outputPaths = (
				"$(DERIVED_FILE_DIR)/Pods-GoBearCoreTests-checkManifestLockResult.txt",
			);
			runOnlyForDeploymentPostprocessing = 0;
			shellPath = /bin/sh;
			shellScript = "diff \"${PODS_PODFILE_DIR_PATH}/Podfile.lock\" \"${PODS_ROOT}/Manifest.lock\" > /dev/null\nif [ $? != 0 ] ; then\n    # print error to STDERR\n    echo \"error: The sandbox is not in sync with the Podfile.lock. Run 'pod install' or update your CocoaPods installation.\" >&2\n    exit 1\nfi\n# This output is used by Xcode 'outputs' to avoid re-running this script phase.\necho \"SUCCESS\" > \"${SCRIPT_OUTPUT_FILE_0}\"\n";
			showEnvVarsInLog = 0;
		};
		C4ACCDCE9D9BF1D9F43CCE9C /* [CP] Check Pods Manifest.lock */ = {
			isa = PBXShellScriptBuildPhase;
			buildActionMask = 2147483647;
			files = (
			);
			inputFileListPaths = (
			);
			inputPaths = (
				"${PODS_PODFILE_DIR_PATH}/Podfile.lock",
				"${PODS_ROOT}/Manifest.lock",
			);
			name = "[CP] Check Pods Manifest.lock";
			outputFileListPaths = (
			);
			outputPaths = (
				"$(DERIVED_FILE_DIR)/Pods-GoBearCore-checkManifestLockResult.txt",
			);
			runOnlyForDeploymentPostprocessing = 0;
			shellPath = /bin/sh;
			shellScript = "diff \"${PODS_PODFILE_DIR_PATH}/Podfile.lock\" \"${PODS_ROOT}/Manifest.lock\" > /dev/null\nif [ $? != 0 ] ; then\n    # print error to STDERR\n    echo \"error: The sandbox is not in sync with the Podfile.lock. Run 'pod install' or update your CocoaPods installation.\" >&2\n    exit 1\nfi\n# This output is used by Xcode 'outputs' to avoid re-running this script phase.\necho \"SUCCESS\" > \"${SCRIPT_OUTPUT_FILE_0}\"\n";
			showEnvVarsInLog = 0;
		};
		DD234326A47FB9BF2302F251 /* [CP] Embed Pods Frameworks */ = {
			isa = PBXShellScriptBuildPhase;
			buildActionMask = 2147483647;
			files = (
			);
			inputFileListPaths = (
			);
			inputPaths = (
				"${SRCROOT}/../Pods/Target Support Files/Pods-GoBearCoreTests/Pods-GoBearCoreTests-frameworks.sh",
				"${BUILT_PRODUCTS_DIR}/Alamofire/Alamofire.framework",
				"${BUILT_PRODUCTS_DIR}/RxAtomic/RxAtomic.framework",
				"${BUILT_PRODUCTS_DIR}/RxCocoa/RxCocoa.framework",
				"${BUILT_PRODUCTS_DIR}/RxSwift/RxSwift.framework",
				"${BUILT_PRODUCTS_DIR}/SDWebImage/SDWebImage.framework",
				"${BUILT_PRODUCTS_DIR}/SWXMLHash/SWXMLHash.framework",
				"${BUILT_PRODUCTS_DIR}/SwiftSoup/SwiftSoup.framework",
			);
			name = "[CP] Embed Pods Frameworks";
			outputFileListPaths = (
			);
			outputPaths = (
				"${TARGET_BUILD_DIR}/${FRAMEWORKS_FOLDER_PATH}/Alamofire.framework",
				"${TARGET_BUILD_DIR}/${FRAMEWORKS_FOLDER_PATH}/RxAtomic.framework",
				"${TARGET_BUILD_DIR}/${FRAMEWORKS_FOLDER_PATH}/RxCocoa.framework",
				"${TARGET_BUILD_DIR}/${FRAMEWORKS_FOLDER_PATH}/RxSwift.framework",
				"${TARGET_BUILD_DIR}/${FRAMEWORKS_FOLDER_PATH}/SDWebImage.framework",
				"${TARGET_BUILD_DIR}/${FRAMEWORKS_FOLDER_PATH}/SWXMLHash.framework",
				"${TARGET_BUILD_DIR}/${FRAMEWORKS_FOLDER_PATH}/SwiftSoup.framework",
			);
			runOnlyForDeploymentPostprocessing = 0;
			shellPath = /bin/sh;
			shellScript = "\"${SRCROOT}/../Pods/Target Support Files/Pods-GoBearCoreTests/Pods-GoBearCoreTests-frameworks.sh\"\n";
			showEnvVarsInLog = 0;
		};
/* End PBXShellScriptBuildPhase section */

/* Begin PBXSourcesBuildPhase section */
		002BA4E721DF741A00005237 /* Sources */ = {
			isa = PBXSourcesBuildPhase;
			buildActionMask = 2147483647;
			files = (
				002BA54A21DFB1FD00005237 /* AppViewModel.swift in Sources */,
				002BA55D21E05B8600005237 /* Request.swift in Sources */,
				002BA54E21DFBBCF00005237 /* UserObj.swift in Sources */,
				002BA56421E0681E00005237 /* Request+Alamofire.swift in Sources */,
				00E896D721E0EAF100409F69 /* UIViewController+Identifier.swift in Sources */,
				002BA55221DFC52500005237 /* GoBearFieldAuth.swift in Sources */,
				00E896D921E0EBDA00409F69 /* ViewModelCoordinator.swift in Sources */,
				002BA55F21E05C9400005237 /* Request+Error.swift in Sources */,
				0096E19D21E25C61009D517E /* GoBearServiceViewModel.swift in Sources */,
				002BA55021DFBD7000005237 /* Constant.swift in Sources */,
				002BA54821DFB12F00005237 /* BaseViewModel.swift in Sources */,
				0096E18421E1AA5B009D517E /* AuthenticationViewModel.swift in Sources */,
				00E896C521E076B400409F69 /* GoBearProductsRequest.swift in Sources */,
				002BA56221E05D5700005237 /* NSError+Helper.swift in Sources */,
				00E896C721E0775800409F69 /* ProductObj.swift in Sources */,
				002BA55521E0586C00005237 /* Identifier.swift in Sources */,
				00E896DC21E0ED3200409F69 /* GoBearService.swift in Sources */,
				002BA54C21DFBACA00005237 /* GoBearAuth.swift in Sources */,
				002BA54421DFAEEE00005237 /* AuthenticationState.swift in Sources */,
				002BA55721E058BB00005237 /* UIView+Identifier.swift in Sources */,
				0096E18721E1D612009D517E /* UIViewController.swift in Sources */,
				002BA53E21DFABEC00005237 /* BaseViewController.swift in Sources */,
				00E896E421E0F5FA00409F69 /* UITableview+Identifier.swift in Sources */,
				00E896E621E0F64600409F69 /* UICollectionView+Identifier.swift in Sources */,
				00E896C921E0832800409F69 /* GoBearProductDetailRequest.swift in Sources */,
				002BA56621E06AA600005237 /* Request+Default.swift in Sources */,
			);
			runOnlyForDeploymentPostprocessing = 0;
		};
		002BA4F021DF741A00005237 /* Sources */ = {
			isa = PBXSourcesBuildPhase;
			buildActionMask = 2147483647;
			files = (
				002BA4FA21DF741A00005237 /* GoBearCoreTests.swift in Sources */,
				0096E1A221E323D1009D517E /* GoBearServiceTest.swift in Sources */,
				0096E1A521E32742009D517E /* GoBearOauthTest.swift in Sources */,
			);
			runOnlyForDeploymentPostprocessing = 0;
		};
/* End PBXSourcesBuildPhase section */

/* Begin PBXTargetDependency section */
		002BA4F721DF741A00005237 /* PBXTargetDependency */ = {
			isa = PBXTargetDependency;
			target = 002BA4EA21DF741A00005237 /* GoBearCore */;
			targetProxy = 002BA4F621DF741A00005237 /* PBXContainerItemProxy */;
		};
/* End PBXTargetDependency section */

/* Begin XCBuildConfiguration section */
		002BA4FD21DF741B00005237 /* Debug */ = {
			isa = XCBuildConfiguration;
			buildSettings = {
				ALWAYS_SEARCH_USER_PATHS = NO;
				CLANG_ANALYZER_NONNULL = YES;
				CLANG_ANALYZER_NUMBER_OBJECT_CONVERSION = YES_AGGRESSIVE;
				CLANG_CXX_LANGUAGE_STANDARD = "gnu++14";
				CLANG_CXX_LIBRARY = "libc++";
				CLANG_ENABLE_MODULES = YES;
				CLANG_ENABLE_OBJC_ARC = YES;
				CLANG_ENABLE_OBJC_WEAK = YES;
				CLANG_WARN_BLOCK_CAPTURE_AUTORELEASING = YES;
				CLANG_WARN_BOOL_CONVERSION = YES;
				CLANG_WARN_COMMA = YES;
				CLANG_WARN_CONSTANT_CONVERSION = YES;
				CLANG_WARN_DEPRECATED_OBJC_IMPLEMENTATIONS = YES;
				CLANG_WARN_DIRECT_OBJC_ISA_USAGE = YES_ERROR;
				CLANG_WARN_DOCUMENTATION_COMMENTS = YES;
				CLANG_WARN_EMPTY_BODY = YES;
				CLANG_WARN_ENUM_CONVERSION = YES;
				CLANG_WARN_INFINITE_RECURSION = YES;
				CLANG_WARN_INT_CONVERSION = YES;
				CLANG_WARN_NON_LITERAL_NULL_CONVERSION = YES;
				CLANG_WARN_OBJC_IMPLICIT_RETAIN_SELF = YES;
				CLANG_WARN_OBJC_LITERAL_CONVERSION = YES;
				CLANG_WARN_OBJC_ROOT_CLASS = YES_ERROR;
				CLANG_WARN_RANGE_LOOP_ANALYSIS = YES;
				CLANG_WARN_STRICT_PROTOTYPES = YES;
				CLANG_WARN_SUSPICIOUS_MOVE = YES;
				CLANG_WARN_UNGUARDED_AVAILABILITY = YES_AGGRESSIVE;
				CLANG_WARN_UNREACHABLE_CODE = YES;
				CLANG_WARN__DUPLICATE_METHOD_MATCH = YES;
				CODE_SIGN_IDENTITY = "iPhone Developer";
				COPY_PHASE_STRIP = NO;
				CURRENT_PROJECT_VERSION = 1;
				DEBUG_INFORMATION_FORMAT = dwarf;
				ENABLE_STRICT_OBJC_MSGSEND = YES;
				ENABLE_TESTABILITY = YES;
				GCC_C_LANGUAGE_STANDARD = gnu11;
				GCC_DYNAMIC_NO_PIC = NO;
				GCC_NO_COMMON_BLOCKS = YES;
				GCC_OPTIMIZATION_LEVEL = 0;
				GCC_PREPROCESSOR_DEFINITIONS = (
					"DEBUG=1",
					"$(inherited)",
				);
				GCC_WARN_64_TO_32_BIT_CONVERSION = YES;
				GCC_WARN_ABOUT_RETURN_TYPE = YES_ERROR;
				GCC_WARN_UNDECLARED_SELECTOR = YES;
				GCC_WARN_UNINITIALIZED_AUTOS = YES_AGGRESSIVE;
				GCC_WARN_UNUSED_FUNCTION = YES;
				GCC_WARN_UNUSED_VARIABLE = YES;
				IPHONEOS_DEPLOYMENT_TARGET = 12.1;
				MTL_ENABLE_DEBUG_INFO = INCLUDE_SOURCE;
				MTL_FAST_MATH = YES;
				ONLY_ACTIVE_ARCH = YES;
				SDKROOT = iphoneos;
				SWIFT_ACTIVE_COMPILATION_CONDITIONS = DEBUG;
				SWIFT_OPTIMIZATION_LEVEL = "-Onone";
				VERSIONING_SYSTEM = "apple-generic";
				VERSION_INFO_PREFIX = "";
			};
			name = Debug;
		};
		002BA4FE21DF741B00005237 /* Release */ = {
			isa = XCBuildConfiguration;
			buildSettings = {
				ALWAYS_SEARCH_USER_PATHS = NO;
				CLANG_ANALYZER_NONNULL = YES;
				CLANG_ANALYZER_NUMBER_OBJECT_CONVERSION = YES_AGGRESSIVE;
				CLANG_CXX_LANGUAGE_STANDARD = "gnu++14";
				CLANG_CXX_LIBRARY = "libc++";
				CLANG_ENABLE_MODULES = YES;
				CLANG_ENABLE_OBJC_ARC = YES;
				CLANG_ENABLE_OBJC_WEAK = YES;
				CLANG_WARN_BLOCK_CAPTURE_AUTORELEASING = YES;
				CLANG_WARN_BOOL_CONVERSION = YES;
				CLANG_WARN_COMMA = YES;
				CLANG_WARN_CONSTANT_CONVERSION = YES;
				CLANG_WARN_DEPRECATED_OBJC_IMPLEMENTATIONS = YES;
				CLANG_WARN_DIRECT_OBJC_ISA_USAGE = YES_ERROR;
				CLANG_WARN_DOCUMENTATION_COMMENTS = YES;
				CLANG_WARN_EMPTY_BODY = YES;
				CLANG_WARN_ENUM_CONVERSION = YES;
				CLANG_WARN_INFINITE_RECURSION = YES;
				CLANG_WARN_INT_CONVERSION = YES;
				CLANG_WARN_NON_LITERAL_NULL_CONVERSION = YES;
				CLANG_WARN_OBJC_IMPLICIT_RETAIN_SELF = YES;
				CLANG_WARN_OBJC_LITERAL_CONVERSION = YES;
				CLANG_WARN_OBJC_ROOT_CLASS = YES_ERROR;
				CLANG_WARN_RANGE_LOOP_ANALYSIS = YES;
				CLANG_WARN_STRICT_PROTOTYPES = YES;
				CLANG_WARN_SUSPICIOUS_MOVE = YES;
				CLANG_WARN_UNGUARDED_AVAILABILITY = YES_AGGRESSIVE;
				CLANG_WARN_UNREACHABLE_CODE = YES;
				CLANG_WARN__DUPLICATE_METHOD_MATCH = YES;
				CODE_SIGN_IDENTITY = "iPhone Developer";
				COPY_PHASE_STRIP = NO;
				CURRENT_PROJECT_VERSION = 1;
				DEBUG_INFORMATION_FORMAT = "dwarf-with-dsym";
				ENABLE_NS_ASSERTIONS = NO;
				ENABLE_STRICT_OBJC_MSGSEND = YES;
				GCC_C_LANGUAGE_STANDARD = gnu11;
				GCC_NO_COMMON_BLOCKS = YES;
				GCC_WARN_64_TO_32_BIT_CONVERSION = YES;
				GCC_WARN_ABOUT_RETURN_TYPE = YES_ERROR;
				GCC_WARN_UNDECLARED_SELECTOR = YES;
				GCC_WARN_UNINITIALIZED_AUTOS = YES_AGGRESSIVE;
				GCC_WARN_UNUSED_FUNCTION = YES;
				GCC_WARN_UNUSED_VARIABLE = YES;
				IPHONEOS_DEPLOYMENT_TARGET = 12.1;
				MTL_ENABLE_DEBUG_INFO = NO;
				MTL_FAST_MATH = YES;
				SDKROOT = iphoneos;
				SWIFT_COMPILATION_MODE = wholemodule;
				SWIFT_OPTIMIZATION_LEVEL = "-O";
				VALIDATE_PRODUCT = YES;
				VERSIONING_SYSTEM = "apple-generic";
				VERSION_INFO_PREFIX = "";
			};
			name = Release;
		};
		002BA50021DF741B00005237 /* Debug */ = {
			isa = XCBuildConfiguration;
			baseConfigurationReference = 1597EA3E127B335F305A8A9D /* Pods-GoBearCore.debug.xcconfig */;
			buildSettings = {
				CLANG_ENABLE_MODULES = YES;
				CODE_SIGN_IDENTITY = "";
				CODE_SIGN_STYLE = Automatic;
				DEFINES_MODULE = YES;
				DEVELOPMENT_TEAM = L76363ZU66;
				DYLIB_COMPATIBILITY_VERSION = 1;
				DYLIB_CURRENT_VERSION = 1;
				DYLIB_INSTALL_NAME_BASE = "@rpath";
				INFOPLIST_FILE = GoBearCore/Info.plist;
				INSTALL_PATH = "$(LOCAL_LIBRARY_DIR)/Frameworks";
				LD_RUNPATH_SEARCH_PATHS = (
					"$(inherited)",
					"@executable_path/Frameworks",
					"@loader_path/Frameworks",
				);
				PRODUCT_BUNDLE_IDENTIFIER = com.gb.GoBearCore;
				PRODUCT_NAME = "$(TARGET_NAME:c99extidentifier)";
				SKIP_INSTALL = YES;
				SWIFT_OPTIMIZATION_LEVEL = "-Onone";
				SWIFT_VERSION = 4.2;
				TARGETED_DEVICE_FAMILY = "1,2";
			};
			name = Debug;
		};
		002BA50121DF741B00005237 /* Release */ = {
			isa = XCBuildConfiguration;
			baseConfigurationReference = 1531E9887FDF1CFD73AA5A6D /* Pods-GoBearCore.release.xcconfig */;
			buildSettings = {
				CLANG_ENABLE_MODULES = YES;
				CODE_SIGN_IDENTITY = "";
				CODE_SIGN_STYLE = Automatic;
				DEFINES_MODULE = YES;
				DEVELOPMENT_TEAM = L76363ZU66;
				DYLIB_COMPATIBILITY_VERSION = 1;
				DYLIB_CURRENT_VERSION = 1;
				DYLIB_INSTALL_NAME_BASE = "@rpath";
				INFOPLIST_FILE = GoBearCore/Info.plist;
				INSTALL_PATH = "$(LOCAL_LIBRARY_DIR)/Frameworks";
				LD_RUNPATH_SEARCH_PATHS = (
					"$(inherited)",
					"@executable_path/Frameworks",
					"@loader_path/Frameworks",
				);
				PRODUCT_BUNDLE_IDENTIFIER = com.gb.GoBearCore;
				PRODUCT_NAME = "$(TARGET_NAME:c99extidentifier)";
				SKIP_INSTALL = YES;
				SWIFT_VERSION = 4.2;
				TARGETED_DEVICE_FAMILY = "1,2";
			};
			name = Release;
		};
		002BA50321DF741B00005237 /* Debug */ = {
			isa = XCBuildConfiguration;
			baseConfigurationReference = 95312FA9A4E5460562B12734 /* Pods-GoBearCoreTests.debug.xcconfig */;
			buildSettings = {
				ALWAYS_EMBED_SWIFT_STANDARD_LIBRARIES = YES;
				CODE_SIGN_STYLE = Automatic;
				DEVELOPMENT_TEAM = L76363ZU66;
				INFOPLIST_FILE = GoBearCoreTests/Info.plist;
				LD_RUNPATH_SEARCH_PATHS = (
					"$(inherited)",
					"@executable_path/Frameworks",
					"@loader_path/Frameworks",
				);
				PRODUCT_BUNDLE_IDENTIFIER = com.gb.GoBearCoreTests;
				PRODUCT_NAME = "$(TARGET_NAME)";
				SWIFT_VERSION = 4.2;
				TARGETED_DEVICE_FAMILY = "1,2";
			};
			name = Debug;
		};
		002BA50421DF741B00005237 /* Release */ = {
			isa = XCBuildConfiguration;
			baseConfigurationReference = 9DBA5EABD8F52A82231CCC7C /* Pods-GoBearCoreTests.release.xcconfig */;
			buildSettings = {
				ALWAYS_EMBED_SWIFT_STANDARD_LIBRARIES = YES;
				CODE_SIGN_STYLE = Automatic;
				DEVELOPMENT_TEAM = L76363ZU66;
				INFOPLIST_FILE = GoBearCoreTests/Info.plist;
				LD_RUNPATH_SEARCH_PATHS = (
					"$(inherited)",
					"@executable_path/Frameworks",
					"@loader_path/Frameworks",
				);
				PRODUCT_BUNDLE_IDENTIFIER = com.gb.GoBearCoreTests;
				PRODUCT_NAME = "$(TARGET_NAME)";
				SWIFT_VERSION = 4.2;
				TARGETED_DEVICE_FAMILY = "1,2";
			};
			name = Release;
		};
/* End XCBuildConfiguration section */

/* Begin XCConfigurationList section */
		002BA4E521DF741A00005237 /* Build configuration list for PBXProject "GoBearCore" */ = {
			isa = XCConfigurationList;
			buildConfigurations = (
				002BA4FD21DF741B00005237 /* Debug */,
				002BA4FE21DF741B00005237 /* Release */,
			);
			defaultConfigurationIsVisible = 0;
			defaultConfigurationName = Release;
		};
		002BA4FF21DF741B00005237 /* Build configuration list for PBXNativeTarget "GoBearCore" */ = {
			isa = XCConfigurationList;
			buildConfigurations = (
				002BA50021DF741B00005237 /* Debug */,
				002BA50121DF741B00005237 /* Release */,
			);
			defaultConfigurationIsVisible = 0;
			defaultConfigurationName = Release;
		};
		002BA50221DF741B00005237 /* Build configuration list for PBXNativeTarget "GoBearCoreTests" */ = {
			isa = XCConfigurationList;
			buildConfigurations = (
				002BA50321DF741B00005237 /* Debug */,
				002BA50421DF741B00005237 /* Release */,
			);
			defaultConfigurationIsVisible = 0;
			defaultConfigurationName = Release;
		};
/* End XCConfigurationList section */
	};
	rootObject = 002BA4E221DF741A00005237 /* Project object */;
}
